[[package]]
name = "chapter-1-kernel"
version = "0.1.0"
dependencies = [
 "math 0.0.1 (git+https://github.com/nagisa/math.rs.git)",
 "nvptx-builtins 0.1.0 (registry+https://github.com/rust-lang/crates.io-index)",
]

[[package]]
name = "cty"
version = "0.1.5"
source = "registry+https://github.com/rust-lang/crates.io-index"

[[package]]
name = "math"
version = "0.0.1"
source = "git+https://github.com/nagisa/math.rs.git#0e1ff50683e14618cf9920f1389e60e3f4912019"
dependencies = [
 "cty 0.1.5 (registry+https://github.com/rust-lang/crates.io-index)",
]

[[package]]
name = "nvptx-builtins"
version = "0.1.0"
source = "registry+https://github.com/rust-lang/crates.io-index"

[metadata]
"checksum cty 0.1.5 (registry+https://github.com/rust-lang/crates.io-index)" = "c4e1d41c471573612df00397113557693b5bf5909666a8acb253930612b93312"
"checksum math 0.0.1 (git+https://github.com/nagisa/math.rs.git)" = "<none>"
"checksum nvptx-builtins 0.1.0 (registry+https://github.com/rust-lang/crates.io-index)" = "1001d126c981bc3b6d85e55bfb242696cef7cf5791d68a25fa3a4b55bbd9d979"
